
Microsoft Visual Studio Solution File, Format Version 12.00
# Visual Studio Version 17
VisualStudioVersion = 17.4.33213.308
MinimumVisualStudioVersion = 10.0.40219.1
Project("{FAE04EC0-301F-11D3-BF4B-00C04F79EFBC}") = "Ejercicio2", "Ejercicio2.csproj", "{AC83A36D-263D-41A4-A0D0-4B602E2B407B}"
EndProject
Global
	GlobalSection(SolutionConfigurationPlatforms) = preSolution
		Debug|Any CPU = Debug|Any CPU
		Release|Any CPU = Release|Any CPU
	EndGlobalSection
	GlobalSection(ProjectConfigurationPlatforms) = postSolution
		{AC83A36D-263D-41A4-A0D0-4B602E2B407B}.Debug|Any CPU.ActiveCfg = Debug|Any CPU
		{AC83A36D-263D-41A4-A0D0-4B602E2B407B}.Debug|Any CPU.Build.0 = Debug|Any CPU
		{AC83A36D-263D-41A4-A0D0-4B602E2B407B}.Release|Any CPU.ActiveCfg = Release|Any CPU
		{AC83A36D-263D-41A4-A0D0-4B602E2B407B}.Release|Any CPU.Build.0 = Release|Any CPU
	EndGlobalSection
	GlobalSection(SolutionProperties) = preSolution
		HideSolutionNode = FALSE
	EndGlobalSection
	GlobalSection(ExtensibilityGlobals) = postSolution
		SolutionGuid = {EA0D63F2-C19A-46B0-BC17-FDBB89E5080C}
	EndGlobalSection
EndGlobal
