
Microsoft Visual Studio Solution File, Format Version 12.00
# Visual Studio Version 17
VisualStudioVersion = 17.4.33213.308
MinimumVisualStudioVersion = 10.0.40219.1
Project("{FAE04EC0-301F-11D3-BF4B-00C04F79EFBC}") = "Practica4", "Practica4.csproj", "{BFF98178-487A-49B1-9695-60DB95F018C1}"
EndProject
Global
	GlobalSection(SolutionConfigurationPlatforms) = preSolution
		Debug|Any CPU = Debug|Any CPU
		Release|Any CPU = Release|Any CPU
	EndGlobalSection
	GlobalSection(ProjectConfigurationPlatforms) = postSolution
		{BFF98178-487A-49B1-9695-60DB95F018C1}.Debug|Any CPU.ActiveCfg = Debug|Any CPU
		{BFF98178-487A-49B1-9695-60DB95F018C1}.Debug|Any CPU.Build.0 = Debug|Any CPU
		{BFF98178-487A-49B1-9695-60DB95F018C1}.Release|Any CPU.ActiveCfg = Release|Any CPU
		{BFF98178-487A-49B1-9695-60DB95F018C1}.Release|Any CPU.Build.0 = Release|Any CPU
	EndGlobalSection
	GlobalSection(SolutionProperties) = preSolution
		HideSolutionNode = FALSE
	EndGlobalSection
	GlobalSection(ExtensibilityGlobals) = postSolution
		SolutionGuid = {3EC629C6-319F-46A1-8157-B104F9835DAC}
	EndGlobalSection
EndGlobal
