
Microsoft Visual Studio Solution File, Format Version 12.00
# Visual Studio Version 17
VisualStudioVersion = 17.4.33213.308
MinimumVisualStudioVersion = 10.0.40219.1
Project("{FAE04EC0-301F-11D3-BF4B-00C04F79EFBC}") = "Practica5", "Practica5.csproj", "{249584D5-7ECC-42B9-8626-96AF92B625F4}"
EndProject
Global
	GlobalSection(SolutionConfigurationPlatforms) = preSolution
		Debug|Any CPU = Debug|Any CPU
		Release|Any CPU = Release|Any CPU
	EndGlobalSection
	GlobalSection(ProjectConfigurationPlatforms) = postSolution
		{249584D5-7ECC-42B9-8626-96AF92B625F4}.Debug|Any CPU.ActiveCfg = Debug|Any CPU
		{249584D5-7ECC-42B9-8626-96AF92B625F4}.Debug|Any CPU.Build.0 = Debug|Any CPU
		{249584D5-7ECC-42B9-8626-96AF92B625F4}.Release|Any CPU.ActiveCfg = Release|Any CPU
		{249584D5-7ECC-42B9-8626-96AF92B625F4}.Release|Any CPU.Build.0 = Release|Any CPU
	EndGlobalSection
	GlobalSection(SolutionProperties) = preSolution
		HideSolutionNode = FALSE
	EndGlobalSection
	GlobalSection(ExtensibilityGlobals) = postSolution
		SolutionGuid = {ADA7670B-DE82-4C23-B39B-00B69C993951}
	EndGlobalSection
EndGlobal
