
Microsoft Visual Studio Solution File, Format Version 12.00
# Visual Studio Version 17
VisualStudioVersion = 17.4.33213.308
MinimumVisualStudioVersion = 10.0.40219.1
Project("{FAE04EC0-301F-11D3-BF4B-00C04F79EFBC}") = "Practica3", "Practica3.csproj", "{815826AE-511E-43AB-88E6-20BB07A96769}"
EndProject
Global
	GlobalSection(SolutionConfigurationPlatforms) = preSolution
		Debug|Any CPU = Debug|Any CPU
		Release|Any CPU = Release|Any CPU
	EndGlobalSection
	GlobalSection(ProjectConfigurationPlatforms) = postSolution
		{815826AE-511E-43AB-88E6-20BB07A96769}.Debug|Any CPU.ActiveCfg = Debug|Any CPU
		{815826AE-511E-43AB-88E6-20BB07A96769}.Debug|Any CPU.Build.0 = Debug|Any CPU
		{815826AE-511E-43AB-88E6-20BB07A96769}.Release|Any CPU.ActiveCfg = Release|Any CPU
		{815826AE-511E-43AB-88E6-20BB07A96769}.Release|Any CPU.Build.0 = Release|Any CPU
	EndGlobalSection
	GlobalSection(SolutionProperties) = preSolution
		HideSolutionNode = FALSE
	EndGlobalSection
	GlobalSection(ExtensibilityGlobals) = postSolution
		SolutionGuid = {1280F76F-DCD2-495B-AE18-A54F9D0D6EA7}
	EndGlobalSection
EndGlobal
