
Microsoft Visual Studio Solution File, Format Version 12.00
# Visual Studio Version 17
VisualStudioVersion = 17.4.33213.308
MinimumVisualStudioVersion = 10.0.40219.1
Project("{FAE04EC0-301F-11D3-BF4B-00C04F79EFBC}") = "ReporteClientes", "ReporteClientes\ReporteClientes.csproj", "{0EF93C29-0A37-4D64-AC5A-21A95C9DCE94}"
EndProject
Global
	GlobalSection(SolutionConfigurationPlatforms) = preSolution
		Debug|Any CPU = Debug|Any CPU
		Release|Any CPU = Release|Any CPU
	EndGlobalSection
	GlobalSection(ProjectConfigurationPlatforms) = postSolution
		{0EF93C29-0A37-4D64-AC5A-21A95C9DCE94}.Debug|Any CPU.ActiveCfg = Debug|Any CPU
		{0EF93C29-0A37-4D64-AC5A-21A95C9DCE94}.Debug|Any CPU.Build.0 = Debug|Any CPU
		{0EF93C29-0A37-4D64-AC5A-21A95C9DCE94}.Release|Any CPU.ActiveCfg = Release|Any CPU
		{0EF93C29-0A37-4D64-AC5A-21A95C9DCE94}.Release|Any CPU.Build.0 = Release|Any CPU
	EndGlobalSection
	GlobalSection(SolutionProperties) = preSolution
		HideSolutionNode = FALSE
	EndGlobalSection
	GlobalSection(ExtensibilityGlobals) = postSolution
		SolutionGuid = {267BE4E5-F553-4C7A-9C62-B25F5BB8F2FD}
	EndGlobalSection
EndGlobal
