
Microsoft Visual Studio Solution File, Format Version 12.00
# Visual Studio Version 17
VisualStudioVersion = 17.4.33213.308
MinimumVisualStudioVersion = 10.0.40219.1
Project("{FAE04EC0-301F-11D3-BF4B-00C04F79EFBC}") = "Practica1", "Practica1.csproj", "{CA64BFD6-23FC-4B0B-8E9F-B222A7C27F30}"
EndProject
Global
	GlobalSection(SolutionConfigurationPlatforms) = preSolution
		Debug|Any CPU = Debug|Any CPU
		Release|Any CPU = Release|Any CPU
	EndGlobalSection
	GlobalSection(ProjectConfigurationPlatforms) = postSolution
		{CA64BFD6-23FC-4B0B-8E9F-B222A7C27F30}.Debug|Any CPU.ActiveCfg = Debug|Any CPU
		{CA64BFD6-23FC-4B0B-8E9F-B222A7C27F30}.Debug|Any CPU.Build.0 = Debug|Any CPU
		{CA64BFD6-23FC-4B0B-8E9F-B222A7C27F30}.Release|Any CPU.ActiveCfg = Release|Any CPU
		{CA64BFD6-23FC-4B0B-8E9F-B222A7C27F30}.Release|Any CPU.Build.0 = Release|Any CPU
	EndGlobalSection
	GlobalSection(SolutionProperties) = preSolution
		HideSolutionNode = FALSE
	EndGlobalSection
	GlobalSection(ExtensibilityGlobals) = postSolution
		SolutionGuid = {377E207F-ED48-424B-BD17-CECCBE39B2AC}
	EndGlobalSection
EndGlobal
